
Microsoft Visual Studio Solution File, Format Version 12.00
# Visual Studio Version 16
VisualStudioVersion = 16.0.31402.337
MinimumVisualStudioVersion = 10.0.40219.1
Project("{FAE04EC0-301F-11D3-BF4B-00C04F79EFBC}") = "UIelement", "Task\UIelement.csproj", "{589EFB10-2F87-49CD-9319-61311C1C6CDC}"
EndProject
Project("{FAE04EC0-301F-11D3-BF4B-00C04F79EFBC}") = "Readint", "Readint\Readint.csproj", "{04855383-52C0-43BA-B96C-01B5D928EBD9}"
EndProject
Project("{FAE04EC0-301F-11D3-BF4B-00C04F79EFBC}") = "PersonnelAccounting", "PersonnelAccounting\PersonnelAccounting.csproj", "{CC4BEE5A-BA71-4F9D-841F-C4C0D0665410}"
EndProject
Project("{FAE04EC0-301F-11D3-BF4B-00C04F79EFBC}") = "BraveNewWorld", "BraveNewWorld\BraveNewWorld.csproj", "{159995FF-B2EE-485A-BD75-81F95379DB73}"
EndProject
Global
	GlobalSection(SolutionConfigurationPlatforms) = preSolution
		Debug|Any CPU = Debug|Any CPU
		Release|Any CPU = Release|Any CPU
	EndGlobalSection
	GlobalSection(ProjectConfigurationPlatforms) = postSolution
		{589EFB10-2F87-49CD-9319-61311C1C6CDC}.Debug|Any CPU.ActiveCfg = Debug|Any CPU
		{589EFB10-2F87-49CD-9319-61311C1C6CDC}.Debug|Any CPU.Build.0 = Debug|Any CPU
		{589EFB10-2F87-49CD-9319-61311C1C6CDC}.Release|Any CPU.ActiveCfg = Release|Any CPU
		{589EFB10-2F87-49CD-9319-61311C1C6CDC}.Release|Any CPU.Build.0 = Release|Any CPU
		{04855383-52C0-43BA-B96C-01B5D928EBD9}.Debug|Any CPU.ActiveCfg = Debug|Any CPU
		{04855383-52C0-43BA-B96C-01B5D928EBD9}.Debug|Any CPU.Build.0 = Debug|Any CPU
		{04855383-52C0-43BA-B96C-01B5D928EBD9}.Release|Any CPU.ActiveCfg = Release|Any CPU
		{04855383-52C0-43BA-B96C-01B5D928EBD9}.Release|Any CPU.Build.0 = Release|Any CPU
		{CC4BEE5A-BA71-4F9D-841F-C4C0D0665410}.Debug|Any CPU.ActiveCfg = Debug|Any CPU
		{CC4BEE5A-BA71-4F9D-841F-C4C0D0665410}.Debug|Any CPU.Build.0 = Debug|Any CPU
		{CC4BEE5A-BA71-4F9D-841F-C4C0D0665410}.Release|Any CPU.ActiveCfg = Release|Any CPU
		{CC4BEE5A-BA71-4F9D-841F-C4C0D0665410}.Release|Any CPU.Build.0 = Release|Any CPU
		{159995FF-B2EE-485A-BD75-81F95379DB73}.Debug|Any CPU.ActiveCfg = Debug|Any CPU
		{159995FF-B2EE-485A-BD75-81F95379DB73}.Debug|Any CPU.Build.0 = Debug|Any CPU
		{159995FF-B2EE-485A-BD75-81F95379DB73}.Release|Any CPU.ActiveCfg = Release|Any CPU
		{159995FF-B2EE-485A-BD75-81F95379DB73}.Release|Any CPU.Build.0 = Release|Any CPU
	EndGlobalSection
	GlobalSection(SolutionProperties) = preSolution
		HideSolutionNode = FALSE
	EndGlobalSection
	GlobalSection(ExtensibilityGlobals) = postSolution
		SolutionGuid = {BB9A4E36-5C6F-4BAB-8B96-88863499B918}
	EndGlobalSection
EndGlobal
