
Microsoft Visual Studio Solution File, Format Version 12.00
# Visual Studio Version 16
VisualStudioVersion = 16.0.31402.337
MinimumVisualStudioVersion = 10.0.40219.1
Project("{9A19103F-16F7-4668-BE54-9A1E7A4F7556}") = "SearchCriminal", "SearchCriminal\SearchCriminal.csproj", "{C1050C78-FF74-42D4-8C78-253853A43676}"
EndProject
Project("{FAE04EC0-301F-11D3-BF4B-00C04F79EFBC}") = "Test", "Test\Test.csproj", "{7B4A6136-927E-4CF6-86EA-4FE6DE76DB3B}"
EndProject
Global
	GlobalSection(SolutionConfigurationPlatforms) = preSolution
		Debug|Any CPU = Debug|Any CPU
		Release|Any CPU = Release|Any CPU
	EndGlobalSection
	GlobalSection(ProjectConfigurationPlatforms) = postSolution
		{C1050C78-FF74-42D4-8C78-253853A43676}.Debug|Any CPU.ActiveCfg = Debug|Any CPU
		{C1050C78-FF74-42D4-8C78-253853A43676}.Debug|Any CPU.Build.0 = Debug|Any CPU
		{C1050C78-FF74-42D4-8C78-253853A43676}.Release|Any CPU.ActiveCfg = Release|Any CPU
		{C1050C78-FF74-42D4-8C78-253853A43676}.Release|Any CPU.Build.0 = Release|Any CPU
		{7B4A6136-927E-4CF6-86EA-4FE6DE76DB3B}.Debug|Any CPU.ActiveCfg = Debug|Any CPU
		{7B4A6136-927E-4CF6-86EA-4FE6DE76DB3B}.Debug|Any CPU.Build.0 = Debug|Any CPU
		{7B4A6136-927E-4CF6-86EA-4FE6DE76DB3B}.Release|Any CPU.ActiveCfg = Release|Any CPU
		{7B4A6136-927E-4CF6-86EA-4FE6DE76DB3B}.Release|Any CPU.Build.0 = Release|Any CPU
	EndGlobalSection
	GlobalSection(SolutionProperties) = preSolution
		HideSolutionNode = FALSE
	EndGlobalSection
	GlobalSection(ExtensibilityGlobals) = postSolution
		SolutionGuid = {5EB1CC07-923F-46D6-91E0-458222AACAF0}
	EndGlobalSection
EndGlobal
