
Microsoft Visual Studio Solution File, Format Version 12.00
# Visual Studio Version 16
VisualStudioVersion = 16.0.31402.337
MinimumVisualStudioVersion = 10.0.40219.1
Project("{FAE04EC0-301F-11D3-BF4B-00C04F79EFBC}") = "WorkingWithClass", "WorkingWithClass\WorkingWithClass.csproj", "{D63F2085-6B2F-4FF9-9137-5E89CDDD3C31}"
EndProject
Project("{FAE04EC0-301F-11D3-BF4B-00C04F79EFBC}") = "WorkingWithProperty", "WorkingWithProperty\WorkingWithProperty.csproj", "{EF6D3408-F056-4107-BA66-5D0E9798D152}"
EndProject
Project("{FAE04EC0-301F-11D3-BF4B-00C04F79EFBC}") = "PlayersDataBase", "PlayersDataBase\PlayersDataBase.csproj", "{30025260-89F2-409C-931B-4055FAC4F528}"
EndProject
Project("{FAE04EC0-301F-11D3-BF4B-00C04F79EFBC}") = "CardDeck", "CardDeck\CardDeck.csproj", "{D81F3294-09CC-49C1-A9BF-044655DF2BB8}"
EndProject
Project("{FAE04EC0-301F-11D3-BF4B-00C04F79EFBC}") = "BookStorage", "BookStorage\BookStorage.csproj", "{EEF94EB4-AC47-47BF-AE48-892C64B801F9}"
EndProject
Project("{FAE04EC0-301F-11D3-BF4B-00C04F79EFBC}") = "Shop", "Shop\Shop.csproj", "{E3C45D7F-D017-4402-92A0-DB1833E1B83F}"
EndProject
Project("{FAE04EC0-301F-11D3-BF4B-00C04F79EFBC}") = "Trains", "Trains\Trains.csproj", "{19F49CE9-5788-4EB2-A650-20C4F4E79CA0}"
EndProject
Project("{9A19103F-16F7-4668-BE54-9A1E7A4F7556}") = "GladiatorFight", "GladiatorFight\GladiatorFight.csproj", "{7710B316-83F1-433C-B1A2-1416B0BBF85B}"
EndProject
Project("{FAE04EC0-301F-11D3-BF4B-00C04F79EFBC}") = "Supermarket", "Supermarket\Supermarket.csproj", "{14D70346-507A-432E-B419-50B0DA663D88}"
EndProject
Project("{FAE04EC0-301F-11D3-BF4B-00C04F79EFBC}") = "Test", "Test\Test.csproj", "{B785919D-71B7-4CB0-8F68-6958BD7D1A3E}"
EndProject
Global
	GlobalSection(SolutionConfigurationPlatforms) = preSolution
		Debug|Any CPU = Debug|Any CPU
		Release|Any CPU = Release|Any CPU
	EndGlobalSection
	GlobalSection(ProjectConfigurationPlatforms) = postSolution
		{D63F2085-6B2F-4FF9-9137-5E89CDDD3C31}.Debug|Any CPU.ActiveCfg = Debug|Any CPU
		{D63F2085-6B2F-4FF9-9137-5E89CDDD3C31}.Debug|Any CPU.Build.0 = Debug|Any CPU
		{D63F2085-6B2F-4FF9-9137-5E89CDDD3C31}.Release|Any CPU.ActiveCfg = Release|Any CPU
		{D63F2085-6B2F-4FF9-9137-5E89CDDD3C31}.Release|Any CPU.Build.0 = Release|Any CPU
		{EF6D3408-F056-4107-BA66-5D0E9798D152}.Debug|Any CPU.ActiveCfg = Debug|Any CPU
		{EF6D3408-F056-4107-BA66-5D0E9798D152}.Debug|Any CPU.Build.0 = Debug|Any CPU
		{EF6D3408-F056-4107-BA66-5D0E9798D152}.Release|Any CPU.ActiveCfg = Release|Any CPU
		{EF6D3408-F056-4107-BA66-5D0E9798D152}.Release|Any CPU.Build.0 = Release|Any CPU
		{30025260-89F2-409C-931B-4055FAC4F528}.Debug|Any CPU.ActiveCfg = Debug|Any CPU
		{30025260-89F2-409C-931B-4055FAC4F528}.Debug|Any CPU.Build.0 = Debug|Any CPU
		{30025260-89F2-409C-931B-4055FAC4F528}.Release|Any CPU.ActiveCfg = Release|Any CPU
		{30025260-89F2-409C-931B-4055FAC4F528}.Release|Any CPU.Build.0 = Release|Any CPU
		{D81F3294-09CC-49C1-A9BF-044655DF2BB8}.Debug|Any CPU.ActiveCfg = Debug|Any CPU
		{D81F3294-09CC-49C1-A9BF-044655DF2BB8}.Debug|Any CPU.Build.0 = Debug|Any CPU
		{D81F3294-09CC-49C1-A9BF-044655DF2BB8}.Release|Any CPU.ActiveCfg = Release|Any CPU
		{D81F3294-09CC-49C1-A9BF-044655DF2BB8}.Release|Any CPU.Build.0 = Release|Any CPU
		{EEF94EB4-AC47-47BF-AE48-892C64B801F9}.Debug|Any CPU.ActiveCfg = Debug|Any CPU
		{EEF94EB4-AC47-47BF-AE48-892C64B801F9}.Debug|Any CPU.Build.0 = Debug|Any CPU
		{EEF94EB4-AC47-47BF-AE48-892C64B801F9}.Release|Any CPU.ActiveCfg = Release|Any CPU
		{EEF94EB4-AC47-47BF-AE48-892C64B801F9}.Release|Any CPU.Build.0 = Release|Any CPU
		{E3C45D7F-D017-4402-92A0-DB1833E1B83F}.Debug|Any CPU.ActiveCfg = Debug|Any CPU
		{E3C45D7F-D017-4402-92A0-DB1833E1B83F}.Debug|Any CPU.Build.0 = Debug|Any CPU
		{E3C45D7F-D017-4402-92A0-DB1833E1B83F}.Release|Any CPU.ActiveCfg = Release|Any CPU
		{E3C45D7F-D017-4402-92A0-DB1833E1B83F}.Release|Any CPU.Build.0 = Release|Any CPU
		{19F49CE9-5788-4EB2-A650-20C4F4E79CA0}.Debug|Any CPU.ActiveCfg = Debug|Any CPU
		{19F49CE9-5788-4EB2-A650-20C4F4E79CA0}.Debug|Any CPU.Build.0 = Debug|Any CPU
		{19F49CE9-5788-4EB2-A650-20C4F4E79CA0}.Release|Any CPU.ActiveCfg = Release|Any CPU
		{19F49CE9-5788-4EB2-A650-20C4F4E79CA0}.Release|Any CPU.Build.0 = Release|Any CPU
		{7710B316-83F1-433C-B1A2-1416B0BBF85B}.Debug|Any CPU.ActiveCfg = Debug|Any CPU
		{7710B316-83F1-433C-B1A2-1416B0BBF85B}.Debug|Any CPU.Build.0 = Debug|Any CPU
		{7710B316-83F1-433C-B1A2-1416B0BBF85B}.Release|Any CPU.ActiveCfg = Release|Any CPU
		{7710B316-83F1-433C-B1A2-1416B0BBF85B}.Release|Any CPU.Build.0 = Release|Any CPU
		{14D70346-507A-432E-B419-50B0DA663D88}.Debug|Any CPU.ActiveCfg = Debug|Any CPU
		{14D70346-507A-432E-B419-50B0DA663D88}.Debug|Any CPU.Build.0 = Debug|Any CPU
		{14D70346-507A-432E-B419-50B0DA663D88}.Release|Any CPU.ActiveCfg = Release|Any CPU
		{14D70346-507A-432E-B419-50B0DA663D88}.Release|Any CPU.Build.0 = Release|Any CPU
		{B785919D-71B7-4CB0-8F68-6958BD7D1A3E}.Debug|Any CPU.ActiveCfg = Debug|Any CPU
		{B785919D-71B7-4CB0-8F68-6958BD7D1A3E}.Debug|Any CPU.Build.0 = Debug|Any CPU
		{B785919D-71B7-4CB0-8F68-6958BD7D1A3E}.Release|Any CPU.ActiveCfg = Release|Any CPU
		{B785919D-71B7-4CB0-8F68-6958BD7D1A3E}.Release|Any CPU.Build.0 = Release|Any CPU
	EndGlobalSection
	GlobalSection(SolutionProperties) = preSolution
		HideSolutionNode = FALSE
	EndGlobalSection
	GlobalSection(ExtensibilityGlobals) = postSolution
		SolutionGuid = {28969758-FEAC-43D5-BAD4-E8CC2136CA71}
	EndGlobalSection
EndGlobal
